
Microsoft Visual Studio Solution File, Format Version 12.00
# Visual Studio Version 17
VisualStudioVersion = 17.1.32319.34
MinimumVisualStudioVersion = 10.0.40219.1
Project("{FAE04EC0-301F-11D3-BF4B-00C04F79EFBC}") = "WebServer", "WebServer.csproj", "{A9AE2F52-B088-4A79-90F6-7AAEA8896D6B}"
EndProject
Global
	GlobalSection(SolutionConfigurationPlatforms) = preSolution
		Debug|Any CPU = Debug|Any CPU
		Release|Any CPU = Release|Any CPU
	EndGlobalSection
	GlobalSection(ProjectConfigurationPlatforms) = postSolution
		{A9AE2F52-B088-4A79-90F6-7AAEA8896D6B}.Debug|Any CPU.ActiveCfg = Debug|Any CPU
		{A9AE2F52-B088-4A79-90F6-7AAEA8896D6B}.Debug|Any CPU.Build.0 = Debug|Any CPU
		{A9AE2F52-B088-4A79-90F6-7AAEA8896D6B}.Release|Any CPU.ActiveCfg = Release|Any CPU
		{A9AE2F52-B088-4A79-90F6-7AAEA8896D6B}.Release|Any CPU.Build.0 = Release|Any CPU
	EndGlobalSection
	GlobalSection(SolutionProperties) = preSolution
		HideSolutionNode = FALSE
	EndGlobalSection
	GlobalSection(ExtensibilityGlobals) = postSolution
		SolutionGuid = {69B2FBC4-5205-48A3-888C-3F3D11C7E538}
	EndGlobalSection
EndGlobal
